
Microsoft Visual Studio Solution File, Format Version 12.00
# Visual Studio Version 17
VisualStudioVersion = 17.10.35122.118
MinimumVisualStudioVersion = 10.0.40219.1
Project("{FAE04EC0-301F-11D3-BF4B-00C04F79EFBC}") = "DigitalRecipeBook", "DigitalRecipeBook.csproj", "{F4280ABF-CF7B-4992-8EB8-97A91549E5BE}"
EndProject
Global
	GlobalSection(SolutionConfigurationPlatforms) = preSolution
		Debug|Any CPU = Debug|Any CPU
		Release|Any CPU = Release|Any CPU
	EndGlobalSection
	GlobalSection(ProjectConfigurationPlatforms) = postSolution
		{F4280ABF-CF7B-4992-8EB8-97A91549E5BE}.Debug|Any CPU.ActiveCfg = Debug|Any CPU
		{F4280ABF-CF7B-4992-8EB8-97A91549E5BE}.Debug|Any CPU.Build.0 = Debug|Any CPU
		{F4280ABF-CF7B-4992-8EB8-97A91549E5BE}.Release|Any CPU.ActiveCfg = Release|Any CPU
		{F4280ABF-CF7B-4992-8EB8-97A91549E5BE}.Release|Any CPU.Build.0 = Release|Any CPU
	EndGlobalSection
	GlobalSection(SolutionProperties) = preSolution
		HideSolutionNode = FALSE
	EndGlobalSection
	GlobalSection(ExtensibilityGlobals) = postSolution
		SolutionGuid = {770AA42A-BE10-4ACA-A01B-82D2B301913F}
	EndGlobalSection
EndGlobal
